// !$*UTF8*$!
{
	archiveVersion = 1;
	classes = {
	};
	objectVersion = 55;
	objects = {

/* Begin PBXBuildFile section */
		81118B2F28D79A130026538B /* MechanicButtonView.swift in Sources */ = {isa = PBXBuildFile; fileRef = 81118B2E28D79A130026538B /* MechanicButtonView.swift */; };
		819D50B428D3F9FD0088AFD2 /* FileImport.swift in Sources */ = {isa = PBXBuildFile; fileRef = 819D50B328D3F9FD0088AFD2 /* FileImport.swift */; };
		819D50B628D3FA120088AFD2 /* DataReader.swift in Sources */ = {isa = PBXBuildFile; fileRef = 819D50B528D3FA120088AFD2 /* DataReader.swift */; };
		819D50B828D400580088AFD2 /* MainBoardView.swift in Sources */ = {isa = PBXBuildFile; fileRef = 819D50B728D400580088AFD2 /* MainBoardView.swift */; };
		819D50BA28D407630088AFD2 /* SinglePieceView.swift in Sources */ = {isa = PBXBuildFile; fileRef = 819D50B928D407630088AFD2 /* SinglePieceView.swift */; };
		819D50BC28D407730088AFD2 /* BoardButtonView.swift in Sources */ = {isa = PBXBuildFile; fileRef = 819D50BB28D407730088AFD2 /* BoardButtonView.swift */; };
		819D50BF28D416ED0088AFD2 /* BoardModel.swift in Sources */ = {isa = PBXBuildFile; fileRef = 819D50BE28D416EC0088AFD2 /* BoardModel.swift */; };
		819D50C328D418910088AFD2 /* AvailablePiecesView.swift in Sources */ = {isa = PBXBuildFile; fileRef = 819D50C228D418910088AFD2 /* AvailablePiecesView.swift */; };
		819D50C528D418A80088AFD2 /* AvailableBoardsView.swift in Sources */ = {isa = PBXBuildFile; fileRef = 819D50C428D418A80088AFD2 /* AvailableBoardsView.swift */; };
		819D50C728D41A2D0088AFD2 /* MechanicButtonsView.swift in Sources */ = {isa = PBXBuildFile; fileRef = 819D50C628D41A2D0088AFD2 /* MechanicButtonsView.swift */; };
		81ED449228D2A77E00714DA9 /* PentominoesApp.swift in Sources */ = {isa = PBXBuildFile; fileRef = 81ED449128D2A77E00714DA9 /* PentominoesApp.swift */; };
		81ED449428D2A77E00714DA9 /* MainView.swift in Sources */ = {isa = PBXBuildFile; fileRef = 81ED449328D2A77E00714DA9 /* MainView.swift */; };
		81ED449628D2A78100714DA9 /* Assets.xcassets in Resources */ = {isa = PBXBuildFile; fileRef = 81ED449528D2A78100714DA9 /* Assets.xcassets */; };
		81ED449928D2A78100714DA9 /* Preview Assets.xcassets in Resources */ = {isa = PBXBuildFile; fileRef = 81ED449828D2A78100714DA9 /* Preview Assets.xcassets */; };
		81ED44A328D2A78100714DA9 /* PentominoesTests.swift in Sources */ = {isa = PBXBuildFile; fileRef = 81ED44A228D2A78100714DA9 /* PentominoesTests.swift */; };
		81ED44AD28D2A78100714DA9 /* PentominoesUITests.swift in Sources */ = {isa = PBXBuildFile; fileRef = 81ED44AC28D2A78100714DA9 /* PentominoesUITests.swift */; };
		81ED44AF28D2A78100714DA9 /* PentominoesUITestsLaunchTests.swift in Sources */ = {isa = PBXBuildFile; fileRef = 81ED44AE28D2A78100714DA9 /* PentominoesUITestsLaunchTests.swift */; };
		81ED44FA28D2B69500714DA9 /* PentominoManager.swift in Sources */ = {isa = PBXBuildFile; fileRef = 81ED44F928D2B69500714DA9 /* PentominoManager.swift */; };
		81ED44FD28D2B83900714DA9 /* Solutions.json in Resources */ = {isa = PBXBuildFile; fileRef = 81ED44FB28D2B83900714DA9 /* Solutions.json */; };
		81ED44FE28D2B83900714DA9 /* Tiles.json in Resources */ = {isa = PBXBuildFile; fileRef = 81ED44FC28D2B83900714DA9 /* Tiles.json */; };
		81ED451828D2B86700714DA9 /* Model.swift in Sources */ = {isa = PBXBuildFile; fileRef = 81ED451728D2B86700714DA9 /* Model.swift */; };
		81ED451A28D2B97D00714DA9 /* PentominoManager_Functions.swift in Sources */ = {isa = PBXBuildFile; fileRef = 81ED451928D2B97D00714DA9 /* PentominoManager_Functions.swift */; };
/* End PBXBuildFile section */

/* Begin PBXContainerItemProxy section */
		81ED449F28D2A78100714DA9 /* PBXContainerItemProxy */ = {
			isa = PBXContainerItemProxy;
			containerPortal = 81ED448628D2A77E00714DA9 /* Project object */;
			proxyType = 1;
			remoteGlobalIDString = 81ED448D28D2A77E00714DA9;
			remoteInfo = Pentominoes;
		};
		81ED44A928D2A78100714DA9 /* PBXContainerItemProxy */ = {
			isa = PBXContainerItemProxy;
			containerPortal = 81ED448628D2A77E00714DA9 /* Project object */;
			proxyType = 1;
			remoteGlobalIDString = 81ED448D28D2A77E00714DA9;
			remoteInfo = Pentominoes;
		};
/* End PBXContainerItemProxy section */

/* Begin PBXFileReference section */
		81118B2E28D79A130026538B /* MechanicButtonView.swift */ = {isa = PBXFileReference; lastKnownFileType = sourcecode.swift; path = MechanicButtonView.swift; sourceTree = "<group>"; };
		819D50B328D3F9FD0088AFD2 /* FileImport.swift */ = {isa = PBXFileReference; lastKnownFileType = sourcecode.swift; path = FileImport.swift; sourceTree = "<group>"; };
		819D50B528D3FA120088AFD2 /* DataReader.swift */ = {isa = PBXFileReference; lastKnownFileType = sourcecode.swift; path = DataReader.swift; sourceTree = "<group>"; };
		819D50B728D400580088AFD2 /* MainBoardView.swift */ = {isa = PBXFileReference; lastKnownFileType = sourcecode.swift; path = MainBoardView.swift; sourceTree = "<group>"; };
		819D50B928D407630088AFD2 /* SinglePieceView.swift */ = {isa = PBXFileReference; lastKnownFileType = sourcecode.swift; path = SinglePieceView.swift; sourceTree = "<group>"; };
		819D50BB28D407730088AFD2 /* BoardButtonView.swift */ = {isa = PBXFileReference; lastKnownFileType = sourcecode.swift; path = BoardButtonView.swift; sourceTree = "<group>"; };
		819D50BE28D416EC0088AFD2 /* BoardModel.swift */ = {isa = PBXFileReference; lastKnownFileType = sourcecode.swift; path = BoardModel.swift; sourceTree = "<group>"; };
		819D50C228D418910088AFD2 /* AvailablePiecesView.swift */ = {isa = PBXFileReference; lastKnownFileType = sourcecode.swift; path = AvailablePiecesView.swift; sourceTree = "<group>"; };
		819D50C428D418A80088AFD2 /* AvailableBoardsView.swift */ = {isa = PBXFileReference; lastKnownFileType = sourcecode.swift; path = AvailableBoardsView.swift; sourceTree = "<group>"; };
		819D50C628D41A2D0088AFD2 /* MechanicButtonsView.swift */ = {isa = PBXFileReference; lastKnownFileType = sourcecode.swift; path = MechanicButtonsView.swift; sourceTree = "<group>"; };
		81ED448E28D2A77E00714DA9 /* Pentominoes.app */ = {isa = PBXFileReference; explicitFileType = wrapper.application; includeInIndex = 0; path = Pentominoes.app; sourceTree = BUILT_PRODUCTS_DIR; };
		81ED449128D2A77E00714DA9 /* PentominoesApp.swift */ = {isa = PBXFileReference; lastKnownFileType = sourcecode.swift; path = PentominoesApp.swift; sourceTree = "<group>"; };
		81ED449328D2A77E00714DA9 /* MainView.swift */ = {isa = PBXFileReference; lastKnownFileType = sourcecode.swift; path = MainView.swift; sourceTree = "<group>"; };
		81ED449528D2A78100714DA9 /* Assets.xcassets */ = {isa = PBXFileReference; lastKnownFileType = folder.assetcatalog; path = Assets.xcassets; sourceTree = "<group>"; };
		81ED449828D2A78100714DA9 /* Preview Assets.xcassets */ = {isa = PBXFileReference; lastKnownFileType = folder.assetcatalog; path = "Preview Assets.xcassets"; sourceTree = "<group>"; };
		81ED449E28D2A78100714DA9 /* PentominoesTests.xctest */ = {isa = PBXFileReference; explicitFileType = wrapper.cfbundle; includeInIndex = 0; path = PentominoesTests.xctest; sourceTree = BUILT_PRODUCTS_DIR; };
		81ED44A228D2A78100714DA9 /* PentominoesTests.swift */ = {isa = PBXFileReference; lastKnownFileType = sourcecode.swift; path = PentominoesTests.swift; sourceTree = "<group>"; };
		81ED44A828D2A78100714DA9 /* PentominoesUITests.xctest */ = {isa = PBXFileReference; explicitFileType = wrapper.cfbundle; includeInIndex = 0; path = PentominoesUITests.xctest; sourceTree = BUILT_PRODUCTS_DIR; };
		81ED44AC28D2A78100714DA9 /* PentominoesUITests.swift */ = {isa = PBXFileReference; lastKnownFileType = sourcecode.swift; path = PentominoesUITests.swift; sourceTree = "<group>"; };
		81ED44AE28D2A78100714DA9 /* PentominoesUITestsLaunchTests.swift */ = {isa = PBXFileReference; lastKnownFileType = sourcecode.swift; path = PentominoesUITestsLaunchTests.swift; sourceTree = "<group>"; };
		81ED44F928D2B69500714DA9 /* PentominoManager.swift */ = {isa = PBXFileReference; lastKnownFileType = sourcecode.swift; path = PentominoManager.swift; sourceTree = "<group>"; };
		81ED44FB28D2B83900714DA9 /* Solutions.json */ = {isa = PBXFileReference; fileEncoding = 4; lastKnownFileType = text.json; path = Solutions.json; sourceTree = "<group>"; };
		81ED44FC28D2B83900714DA9 /* Tiles.json */ = {isa = PBXFileReference; fileEncoding = 4; lastKnownFileType = text.json; path = Tiles.json; sourceTree = "<group>"; };
		81ED451728D2B86700714DA9 /* Model.swift */ = {isa = PBXFileReference; fileEncoding = 4; lastKnownFileType = sourcecode.swift; path = Model.swift; sourceTree = "<group>"; };
		81ED451928D2B97D00714DA9 /* PentominoManager_Functions.swift */ = {isa = PBXFileReference; lastKnownFileType = sourcecode.swift; path = PentominoManager_Functions.swift; sourceTree = "<group>"; };
/* End PBXFileReference section */

/* Begin PBXFrameworksBuildPhase section */
		81ED448B28D2A77E00714DA9 /* Frameworks */ = {
			isa = PBXFrameworksBuildPhase;
			buildActionMask = 2147483647;
			files = (
			);
			runOnlyForDeploymentPostprocessing = 0;
		};
		81ED449B28D2A78100714DA9 /* Frameworks */ = {
			isa = PBXFrameworksBuildPhase;
			buildActionMask = 2147483647;
			files = (
			);
			runOnlyForDeploymentPostprocessing = 0;
		};
		81ED44A528D2A78100714DA9 /* Frameworks */ = {
			isa = PBXFrameworksBuildPhase;
			buildActionMask = 2147483647;
			files = (
			);
			runOnlyForDeploymentPostprocessing = 0;
		};
/* End PBXFrameworksBuildPhase section */

/* Begin PBXGroup section */
		819D50BD28D4105D0088AFD2 /* Reader */ = {
			isa = PBXGroup;
			children = (
				819D50B328D3F9FD0088AFD2 /* FileImport.swift */,
				819D50B528D3FA120088AFD2 /* DataReader.swift */,
			);
			path = Reader;
			sourceTree = "<group>";
		};
		81ED448528D2A77E00714DA9 = {
			isa = PBXGroup;
			children = (
				81ED449028D2A77E00714DA9 /* Pentominoes */,
				81ED44A128D2A78100714DA9 /* PentominoesTests */,
				81ED44AB28D2A78100714DA9 /* PentominoesUITests */,
				81ED448F28D2A77E00714DA9 /* Products */,
			);
			sourceTree = "<group>";
		};
		81ED448F28D2A77E00714DA9 /* Products */ = {
			isa = PBXGroup;
			children = (
				81ED448E28D2A77E00714DA9 /* Pentominoes.app */,
				81ED449E28D2A78100714DA9 /* PentominoesTests.xctest */,
				81ED44A828D2A78100714DA9 /* PentominoesUITests.xctest */,
			);
			name = Products;
			sourceTree = "<group>";
		};
		81ED449028D2A77E00714DA9 /* Pentominoes */ = {
			isa = PBXGroup;
			children = (
				81ED44D728D2AADE00714DA9 /* Models */,
				81ED44D628D2AAC600714DA9 /* ViewModels */,
				81ED44D528D2AA5D00714DA9 /* Views */,
				81ED44D428D2AA3600714DA9 /* AppAssets */,
				81ED449528D2A78100714DA9 /* Assets.xcassets */,
				81ED449728D2A78100714DA9 /* Preview Content */,
			);
			path = Pentominoes;
			sourceTree = "<group>";
		};
		81ED449728D2A78100714DA9 /* Preview Content */ = {
			isa = PBXGroup;
			children = (
				81ED449828D2A78100714DA9 /* Preview Assets.xcassets */,
			);
			path = "Preview Content";
			sourceTree = "<group>";
		};
		81ED44A128D2A78100714DA9 /* PentominoesTests */ = {
			isa = PBXGroup;
			children = (
				81ED44A228D2A78100714DA9 /* PentominoesTests.swift */,
			);
			path = PentominoesTests;
			sourceTree = "<group>";
		};
		81ED44AB28D2A78100714DA9 /* PentominoesUITests */ = {
			isa = PBXGroup;
			children = (
				81ED44AC28D2A78100714DA9 /* PentominoesUITests.swift */,
				81ED44AE28D2A78100714DA9 /* PentominoesUITestsLaunchTests.swift */,
			);
			path = PentominoesUITests;
			sourceTree = "<group>";
		};
		81ED44D428D2AA3600714DA9 /* AppAssets */ = {
			isa = PBXGroup;
			children = (
				81ED44FB28D2B83900714DA9 /* Solutions.json */,
				81ED44FC28D2B83900714DA9 /* Tiles.json */,
			);
			path = AppAssets;
			sourceTree = "<group>";
		};
		81ED44D528D2AA5D00714DA9 /* Views */ = {
			isa = PBXGroup;
			children = (
				81ED449128D2A77E00714DA9 /* PentominoesApp.swift */,
				81ED449328D2A77E00714DA9 /* MainView.swift */,
				819D50B728D400580088AFD2 /* MainBoardView.swift */,
				819D50C628D41A2D0088AFD2 /* MechanicButtonsView.swift */,
				81118B2E28D79A130026538B /* MechanicButtonView.swift */,
				819D50C228D418910088AFD2 /* AvailablePiecesView.swift */,
				819D50C428D418A80088AFD2 /* AvailableBoardsView.swift */,
				819D50B928D407630088AFD2 /* SinglePieceView.swift */,
				819D50BB28D407730088AFD2 /* BoardButtonView.swift */,
			);
			path = Views;
			sourceTree = "<group>";
		};
		81ED44D628D2AAC600714DA9 /* ViewModels */ = {
			isa = PBXGroup;
			children = (
				81ED44F928D2B69500714DA9 /* PentominoManager.swift */,
				81ED451928D2B97D00714DA9 /* PentominoManager_Functions.swift */,
				819D50BD28D4105D0088AFD2 /* Reader */,
			);
			path = ViewModels;
			sourceTree = "<group>";
		};
		81ED44D728D2AADE00714DA9 /* Models */ = {
			isa = PBXGroup;
			children = (
				81ED451728D2B86700714DA9 /* Model.swift */,
				819D50BE28D416EC0088AFD2 /* BoardModel.swift */,
			);
			path = Models;
			sourceTree = "<group>";
		};
/* End PBXGroup section */

/* Begin PBXNativeTarget section */
		81ED448D28D2A77E00714DA9 /* Pentominoes */ = {
			isa = PBXNativeTarget;
			buildConfigurationList = 81ED44B228D2A78100714DA9 /* Build configuration list for PBXNativeTarget "Pentominoes" */;
			buildPhases = (
				81ED448A28D2A77E00714DA9 /* Sources */,
				81ED448B28D2A77E00714DA9 /* Frameworks */,
				81ED448C28D2A77E00714DA9 /* Resources */,
			);
			buildRules = (
			);
			dependencies = (
			);
			name = Pentominoes;
			productName = Pentominoes;
			productReference = 81ED448E28D2A77E00714DA9 /* Pentominoes.app */;
			productType = "com.apple.product-type.application";
		};
		81ED449D28D2A78100714DA9 /* PentominoesTests */ = {
			isa = PBXNativeTarget;
			buildConfigurationList = 81ED44B528D2A78100714DA9 /* Build configuration list for PBXNativeTarget "PentominoesTests" */;
			buildPhases = (
				81ED449A28D2A78100714DA9 /* Sources */,
				81ED449B28D2A78100714DA9 /* Frameworks */,
				81ED449C28D2A78100714DA9 /* Resources */,
			);
			buildRules = (
			);
			dependencies = (
				81ED44A028D2A78100714DA9 /* PBXTargetDependency */,
			);
			name = PentominoesTests;
			productName = PentominoesTests;
			productReference = 81ED449E28D2A78100714DA9 /* PentominoesTests.xctest */;
			productType = "com.apple.product-type.bundle.unit-test";
		};
		81ED44A728D2A78100714DA9 /* PentominoesUITests */ = {
			isa = PBXNativeTarget;
			buildConfigurationList = 81ED44B828D2A78100714DA9 /* Build configuration list for PBXNativeTarget "PentominoesUITests" */;
			buildPhases = (
				81ED44A428D2A78100714DA9 /* Sources */,
				81ED44A528D2A78100714DA9 /* Frameworks */,
				81ED44A628D2A78100714DA9 /* Resources */,
			);
			buildRules = (
			);
			dependencies = (
				81ED44AA28D2A78100714DA9 /* PBXTargetDependency */,
			);
			name = PentominoesUITests;
			productName = PentominoesUITests;
			productReference = 81ED44A828D2A78100714DA9 /* PentominoesUITests.xctest */;
			productType = "com.apple.product-type.bundle.ui-testing";
		};
/* End PBXNativeTarget section */

/* Begin PBXProject section */
		81ED448628D2A77E00714DA9 /* Project object */ = {
			isa = PBXProject;
			attributes = {
				BuildIndependentTargetsInParallel = 1;
				LastSwiftUpdateCheck = 1340;
				LastUpgradeCheck = 1340;
				TargetAttributes = {
					81ED448D28D2A77E00714DA9 = {
						CreatedOnToolsVersion = 13.4.1;
					};
					81ED449D28D2A78100714DA9 = {
						CreatedOnToolsVersion = 13.4.1;
						TestTargetID = 81ED448D28D2A77E00714DA9;
					};
					81ED44A728D2A78100714DA9 = {
						CreatedOnToolsVersion = 13.4.1;
						TestTargetID = 81ED448D28D2A77E00714DA9;
					};
				};
			};
			buildConfigurationList = 81ED448928D2A77E00714DA9 /* Build configuration list for PBXProject "Pentominoes" */;
			compatibilityVersion = "Xcode 13.0";
			developmentRegion = en;
			hasScannedForEncodings = 0;
			knownRegions = (
				en,
				Base,
			);
			mainGroup = 81ED448528D2A77E00714DA9;
			productRefGroup = 81ED448F28D2A77E00714DA9 /* Products */;
			projectDirPath = "";
			projectRoot = "";
			targets = (
				81ED448D28D2A77E00714DA9 /* Pentominoes */,
				81ED449D28D2A78100714DA9 /* PentominoesTests */,
				81ED44A728D2A78100714DA9 /* PentominoesUITests */,
			);
		};
/* End PBXProject section */

/* Begin PBXResourcesBuildPhase section */
		81ED448C28D2A77E00714DA9 /* Resources */ = {
			isa = PBXResourcesBuildPhase;
			buildActionMask = 2147483647;
			files = (
				81ED44FD28D2B83900714DA9 /* Solutions.json in Resources */,
				81ED449928D2A78100714DA9 /* Preview Assets.xcassets in Resources */,
				81ED44FE28D2B83900714DA9 /* Tiles.json in Resources */,
				81ED449628D2A78100714DA9 /* Assets.xcassets in Resources */,
			);
			runOnlyForDeploymentPostprocessing = 0;
		};
		81ED449C28D2A78100714DA9 /* Resources */ = {
			isa = PBXResourcesBuildPhase;
			buildActionMask = 2147483647;
			files = (
			);
			runOnlyForDeploymentPostprocessing = 0;
		};
		81ED44A628D2A78100714DA9 /* Resources */ = {
			isa = PBXResourcesBuildPhase;
			buildActionMask = 2147483647;
			files = (
			);
			runOnlyForDeploymentPostprocessing = 0;
		};
/* End PBXResourcesBuildPhase section */

/* Begin PBXSourcesBuildPhase section */
		81ED448A28D2A77E00714DA9 /* Sources */ = {
			isa = PBXSourcesBuildPhase;
			buildActionMask = 2147483647;
			files = (
				819D50C728D41A2D0088AFD2 /* MechanicButtonsView.swift in Sources */,
				81118B2F28D79A130026538B /* MechanicButtonView.swift in Sources */,
				819D50B628D3FA120088AFD2 /* DataReader.swift in Sources */,
				81ED44FA28D2B69500714DA9 /* PentominoManager.swift in Sources */,
				81ED449428D2A77E00714DA9 /* MainView.swift in Sources */,
				819D50B428D3F9FD0088AFD2 /* FileImport.swift in Sources */,
				81ED451A28D2B97D00714DA9 /* PentominoManager_Functions.swift in Sources */,
				819D50C328D418910088AFD2 /* AvailablePiecesView.swift in Sources */,
				81ED449228D2A77E00714DA9 /* PentominoesApp.swift in Sources */,
				819D50BA28D407630088AFD2 /* SinglePieceView.swift in Sources */,
				819D50BF28D416ED0088AFD2 /* BoardModel.swift in Sources */,
				819D50B828D400580088AFD2 /* MainBoardView.swift in Sources */,
				819D50C528D418A80088AFD2 /* AvailableBoardsView.swift in Sources */,
				819D50BC28D407730088AFD2 /* BoardButtonView.swift in Sources */,
				81ED451828D2B86700714DA9 /* Model.swift in Sources */,
			);
			runOnlyForDeploymentPostprocessing = 0;
		};
		81ED449A28D2A78100714DA9 /* Sources */ = {
			isa = PBXSourcesBuildPhase;
			buildActionMask = 2147483647;
			files = (
				81ED44A328D2A78100714DA9 /* PentominoesTests.swift in Sources */,
			);
			runOnlyForDeploymentPostprocessing = 0;
		};
		81ED44A428D2A78100714DA9 /* Sources */ = {
			isa = PBXSourcesBuildPhase;
			buildActionMask = 2147483647;
			files = (
				81ED44AF28D2A78100714DA9 /* PentominoesUITestsLaunchTests.swift in Sources */,
				81ED44AD28D2A78100714DA9 /* PentominoesUITests.swift in Sources */,
			);
			runOnlyForDeploymentPostprocessing = 0;
		};
/* End PBXSourcesBuildPhase section */

/* Begin PBXTargetDependency section */
		81ED44A028D2A78100714DA9 /* PBXTargetDependency */ = {
			isa = PBXTargetDependency;
			target = 81ED448D28D2A77E00714DA9 /* Pentominoes */;
			targetProxy = 81ED449F28D2A78100714DA9 /* PBXContainerItemProxy */;
		};
		81ED44AA28D2A78100714DA9 /* PBXTargetDependency */ = {
			isa = PBXTargetDependency;
			target = 81ED448D28D2A77E00714DA9 /* Pentominoes */;
			targetProxy = 81ED44A928D2A78100714DA9 /* PBXContainerItemProxy */;
		};
/* End PBXTargetDependency section */

/* Begin XCBuildConfiguration section */
		81ED44B028D2A78100714DA9 /* Debug */ = {
			isa = XCBuildConfiguration;
			buildSettings = {
				ALWAYS_SEARCH_USER_PATHS = NO;
				CLANG_ANALYZER_NONNULL = YES;
				CLANG_ANALYZER_NUMBER_OBJECT_CONVERSION = YES_AGGRESSIVE;
				CLANG_CXX_LANGUAGE_STANDARD = "gnu++17";
				CLANG_ENABLE_MODULES = YES;
				CLANG_ENABLE_OBJC_ARC = YES;
				CLANG_ENABLE_OBJC_WEAK = YES;
				CLANG_WARN_BLOCK_CAPTURE_AUTORELEASING = YES;
				CLANG_WARN_BOOL_CONVERSION = YES;
				CLANG_WARN_COMMA = YES;
				CLANG_WARN_CONSTANT_CONVERSION = YES;
				CLANG_WARN_DEPRECATED_OBJC_IMPLEMENTATIONS = YES;
				CLANG_WARN_DIRECT_OBJC_ISA_USAGE = YES_ERROR;
				CLANG_WARN_DOCUMENTATION_COMMENTS = YES;
				CLANG_WARN_EMPTY_BODY = YES;
				CLANG_WARN_ENUM_CONVERSION = YES;
				CLANG_WARN_INFINITE_RECURSION = YES;
				CLANG_WARN_INT_CONVERSION = YES;
				CLANG_WARN_NON_LITERAL_NULL_CONVERSION = YES;
				CLANG_WARN_OBJC_IMPLICIT_RETAIN_SELF = YES;
				CLANG_WARN_OBJC_LITERAL_CONVERSION = YES;
				CLANG_WARN_OBJC_ROOT_CLASS = YES_ERROR;
				CLANG_WARN_QUOTED_INCLUDE_IN_FRAMEWORK_HEADER = YES;
				CLANG_WARN_RANGE_LOOP_ANALYSIS = YES;
				CLANG_WARN_STRICT_PROTOTYPES = YES;
				CLANG_WARN_SUSPICIOUS_MOVE = YES;
				CLANG_WARN_UNGUARDED_AVAILABILITY = YES_AGGRESSIVE;
				CLANG_WARN_UNREACHABLE_CODE = YES;
				CLANG_WARN__DUPLICATE_METHOD_MATCH = YES;
				COPY_PHASE_STRIP = NO;
				DEBUG_INFORMATION_FORMAT = dwarf;
				ENABLE_STRICT_OBJC_MSGSEND = YES;
				ENABLE_TESTABILITY = YES;
				GCC_C_LANGUAGE_STANDARD = gnu11;
				GCC_DYNAMIC_NO_PIC = NO;
				GCC_NO_COMMON_BLOCKS = YES;
				GCC_OPTIMIZATION_LEVEL = 0;
				GCC_PREPROCESSOR_DEFINITIONS = (
					"DEBUG=1",
					"$(inherited)",
				);
				GCC_WARN_64_TO_32_BIT_CONVERSION = YES;
				GCC_WARN_ABOUT_RETURN_TYPE = YES_ERROR;
				GCC_WARN_UNDECLARED_SELECTOR = YES;
				GCC_WARN_UNINITIALIZED_AUTOS = YES_AGGRESSIVE;
				GCC_WARN_UNUSED_FUNCTION = YES;
				GCC_WARN_UNUSED_VARIABLE = YES;
				IPHONEOS_DEPLOYMENT_TARGET = 15.5;
				MTL_ENABLE_DEBUG_INFO = INCLUDE_SOURCE;
				MTL_FAST_MATH = YES;
				ONLY_ACTIVE_ARCH = YES;
				SDKROOT = iphoneos;
				SWIFT_ACTIVE_COMPILATION_CONDITIONS = DEBUG;
				SWIFT_OPTIMIZATION_LEVEL = "-Onone";
			};
			name = Debug;
		};
		81ED44B128D2A78100714DA9 /* Release */ = {
			isa = XCBuildConfiguration;
			buildSettings = {
				ALWAYS_SEARCH_USER_PATHS = NO;
				CLANG_ANALYZER_NONNULL = YES;
				CLANG_ANALYZER_NUMBER_OBJECT_CONVERSION = YES_AGGRESSIVE;
				CLANG_CXX_LANGUAGE_STANDARD = "gnu++17";
				CLANG_ENABLE_MODULES = YES;
				CLANG_ENABLE_OBJC_ARC = YES;
				CLANG_ENABLE_OBJC_WEAK = YES;
				CLANG_WARN_BLOCK_CAPTURE_AUTORELEASING = YES;
				CLANG_WARN_BOOL_CONVERSION = YES;
				CLANG_WARN_COMMA = YES;
				CLANG_WARN_CONSTANT_CONVERSION = YES;
				CLANG_WARN_DEPRECATED_OBJC_IMPLEMENTATIONS = YES;
				CLANG_WARN_DIRECT_OBJC_ISA_USAGE = YES_ERROR;
				CLANG_WARN_DOCUMENTATION_COMMENTS = YES;
				CLANG_WARN_EMPTY_BODY = YES;
				CLANG_WARN_ENUM_CONVERSION = YES;
				CLANG_WARN_INFINITE_RECURSION = YES;
				CLANG_WARN_INT_CONVERSION = YES;
				CLANG_WARN_NON_LITERAL_NULL_CONVERSION = YES;
				CLANG_WARN_OBJC_IMPLICIT_RETAIN_SELF = YES;
				CLANG_WARN_OBJC_LITERAL_CONVERSION = YES;
				CLANG_WARN_OBJC_ROOT_CLASS = YES_ERROR;
				CLANG_WARN_QUOTED_INCLUDE_IN_FRAMEWORK_HEADER = YES;
				CLANG_WARN_RANGE_LOOP_ANALYSIS = YES;
				CLANG_WARN_STRICT_PROTOTYPES = YES;
				CLANG_WARN_SUSPICIOUS_MOVE = YES;
				CLANG_WARN_UNGUARDED_AVAILABILITY = YES_AGGRESSIVE;
				CLANG_WARN_UNREACHABLE_CODE = YES;
				CLANG_WARN__DUPLICATE_METHOD_MATCH = YES;
				COPY_PHASE_STRIP = NO;
				DEBUG_INFORMATION_FORMAT = "dwarf-with-dsym";
				ENABLE_NS_ASSERTIONS = NO;
				ENABLE_STRICT_OBJC_MSGSEND = YES;
				GCC_C_LANGUAGE_STANDARD = gnu11;
				GCC_NO_COMMON_BLOCKS = YES;
				GCC_WARN_64_TO_32_BIT_CONVERSION = YES;
				GCC_WARN_ABOUT_RETURN_TYPE = YES_ERROR;
				GCC_WARN_UNDECLARED_SELECTOR = YES;
				GCC_WARN_UNINITIALIZED_AUTOS = YES_AGGRESSIVE;
				GCC_WARN_UNUSED_FUNCTION = YES;
				GCC_WARN_UNUSED_VARIABLE = YES;
				IPHONEOS_DEPLOYMENT_TARGET = 15.5;
				MTL_ENABLE_DEBUG_INFO = NO;
				MTL_FAST_MATH = YES;
				SDKROOT = iphoneos;
				SWIFT_COMPILATION_MODE = wholemodule;
				SWIFT_OPTIMIZATION_LEVEL = "-O";
				VALIDATE_PRODUCT = YES;
			};
			name = Release;
		};
		81ED44B328D2A78100714DA9 /* Debug */ = {
			isa = XCBuildConfiguration;
			buildSettings = {
				ASSETCATALOG_COMPILER_APPICON_NAME = AppIcon;
				ASSETCATALOG_COMPILER_GLOBAL_ACCENT_COLOR_NAME = AccentColor;
				CODE_SIGN_STYLE = Automatic;
				CURRENT_PROJECT_VERSION = 1;
				DEVELOPMENT_ASSET_PATHS = "\"Pentominoes/Preview Content\"";
				DEVELOPMENT_TEAM = TAPKFK3K9G;
				ENABLE_PREVIEWS = YES;
				GENERATE_INFOPLIST_FILE = YES;
				INFOPLIST_KEY_UIApplicationSceneManifest_Generation = YES;
				INFOPLIST_KEY_UIApplicationSupportsIndirectInputEvents = YES;
				INFOPLIST_KEY_UILaunchScreen_Generation = YES;
				INFOPLIST_KEY_UISupportedInterfaceOrientations_iPad = "UIInterfaceOrientationPortrait UIInterfaceOrientationPortraitUpsideDown UIInterfaceOrientationLandscapeLeft UIInterfaceOrientationLandscapeRight";
				INFOPLIST_KEY_UISupportedInterfaceOrientations_iPhone = "UIInterfaceOrientationPortrait UIInterfaceOrientationLandscapeLeft UIInterfaceOrientationLandscapeRight";
				LD_RUNPATH_SEARCH_PATHS = (
					"$(inherited)",
					"@executable_path/Frameworks",
				);
				MARKETING_VERSION = 1.0;
				PRODUCT_BUNDLE_IDENTIFIER = edu.psu.AccessID.Pentominoes;
				PRODUCT_NAME = "$(TARGET_NAME)";
				SWIFT_EMIT_LOC_STRINGS = YES;
				SWIFT_VERSION = 5.0;
				TARGETED_DEVICE_FAMILY = "1,2";
			};
			name = Debug;
		};
		81ED44B428D2A78100714DA9 /* Release */ = {
			isa = XCBuildConfiguration;
			buildSettings = {
				ASSETCATALOG_COMPILER_APPICON_NAME = AppIcon;
				ASSETCATALOG_COMPILER_GLOBAL_ACCENT_COLOR_NAME = AccentColor;
				CODE_SIGN_STYLE = Automatic;
				CURRENT_PROJECT_VERSION = 1;
				DEVELOPMENT_ASSET_PATHS = "\"Pentominoes/Preview Content\"";
				DEVELOPMENT_TEAM = TAPKFK3K9G;
				ENABLE_PREVIEWS = YES;
				GENERATE_INFOPLIST_FILE = YES;
				INFOPLIST_KEY_UIApplicationSceneManifest_Generation = YES;
				INFOPLIST_KEY_UIApplicationSupportsIndirectInputEvents = YES;
				INFOPLIST_KEY_UILaunchScreen_Generation = YES;
				INFOPLIST_KEY_UISupportedInterfaceOrientations_iPad = "UIInterfaceOrientationPortrait UIInterfaceOrientationPortraitUpsideDown UIInterfaceOrientationLandscapeLeft UIInterfaceOrientationLandscapeRight";
				INFOPLIST_KEY_UISupportedInterfaceOrientations_iPhone = "UIInterfaceOrientationPortrait UIInterfaceOrientationLandscapeLeft UIInterfaceOrientationLandscapeRight";
				LD_RUNPATH_SEARCH_PATHS = (
					"$(inherited)",
					"@executable_path/Frameworks",
				);
				MARKETING_VERSION = 1.0;
				PRODUCT_BUNDLE_IDENTIFIER = edu.psu.AccessID.Pentominoes;
				PRODUCT_NAME = "$(TARGET_NAME)";
				SWIFT_EMIT_LOC_STRINGS = YES;
				SWIFT_VERSION = 5.0;
				TARGETED_DEVICE_FAMILY = "1,2";
			};
			name = Release;
		};
		81ED44B628D2A78100714DA9 /* Debug */ = {
			isa = XCBuildConfiguration;
			buildSettings = {
				ALWAYS_EMBED_SWIFT_STANDARD_LIBRARIES = YES;
				BUNDLE_LOADER = "$(TEST_HOST)";
				CODE_SIGN_STYLE = Automatic;
				CURRENT_PROJECT_VERSION = 1;
				DEVELOPMENT_TEAM = TAPKFK3K9G;
				GENERATE_INFOPLIST_FILE = YES;
				IPHONEOS_DEPLOYMENT_TARGET = 15.5;
				MARKETING_VERSION = 1.0;
				PRODUCT_BUNDLE_IDENTIFIER = edu.psu.AccessID.PentominoesTests;
				PRODUCT_NAME = "$(TARGET_NAME)";
				SWIFT_EMIT_LOC_STRINGS = NO;
				SWIFT_VERSION = 5.0;
				TARGETED_DEVICE_FAMILY = "1,2";
				TEST_HOST = "$(BUILT_PRODUCTS_DIR)/Pentominoes.app/Pentominoes";
			};
			name = Debug;
		};
		81ED44B728D2A78100714DA9 /* Release */ = {
			isa = XCBuildConfiguration;
			buildSettings = {
				ALWAYS_EMBED_SWIFT_STANDARD_LIBRARIES = YES;
				BUNDLE_LOADER = "$(TEST_HOST)";
				CODE_SIGN_STYLE = Automatic;
				CURRENT_PROJECT_VERSION = 1;
				DEVELOPMENT_TEAM = TAPKFK3K9G;
				GENERATE_INFOPLIST_FILE = YES;
				IPHONEOS_DEPLOYMENT_TARGET = 15.5;
				MARKETING_VERSION = 1.0;
				PRODUCT_BUNDLE_IDENTIFIER = edu.psu.AccessID.PentominoesTests;
				PRODUCT_NAME = "$(TARGET_NAME)";
				SWIFT_EMIT_LOC_STRINGS = NO;
				SWIFT_VERSION = 5.0;
				TARGETED_DEVICE_FAMILY = "1,2";
				TEST_HOST = "$(BUILT_PRODUCTS_DIR)/Pentominoes.app/Pentominoes";
			};
			name = Release;
		};
		81ED44B928D2A78100714DA9 /* Debug */ = {
			isa = XCBuildConfiguration;
			buildSettings = {
				ALWAYS_EMBED_SWIFT_STANDARD_LIBRARIES = YES;
				CODE_SIGN_STYLE = Automatic;
				CURRENT_PROJECT_VERSION = 1;
				DEVELOPMENT_TEAM = TAPKFK3K9G;
				GENERATE_INFOPLIST_FILE = YES;
				MARKETING_VERSION = 1.0;
				PRODUCT_BUNDLE_IDENTIFIER = edu.psu.AccessID.PentominoesUITests;
				PRODUCT_NAME = "$(TARGET_NAME)";
				SWIFT_EMIT_LOC_STRINGS = NO;
				SWIFT_VERSION = 5.0;
				TARGETED_DEVICE_FAMILY = "1,2";
				TEST_TARGET_NAME = Pentominoes;
			};
			name = Debug;
		};
		81ED44BA28D2A78100714DA9 /* Release */ = {
			isa = XCBuildConfiguration;
			buildSettings = {
				ALWAYS_EMBED_SWIFT_STANDARD_LIBRARIES = YES;
				CODE_SIGN_STYLE = Automatic;
				CURRENT_PROJECT_VERSION = 1;
				DEVELOPMENT_TEAM = TAPKFK3K9G;
				GENERATE_INFOPLIST_FILE = YES;
				MARKETING_VERSION = 1.0;
				PRODUCT_BUNDLE_IDENTIFIER = edu.psu.AccessID.PentominoesUITests;
				PRODUCT_NAME = "$(TARGET_NAME)";
				SWIFT_EMIT_LOC_STRINGS = NO;
				SWIFT_VERSION = 5.0;
				TARGETED_DEVICE_FAMILY = "1,2";
				TEST_TARGET_NAME = Pentominoes;
			};
			name = Release;
		};
/* End XCBuildConfiguration section */

/* Begin XCConfigurationList section */
		81ED448928D2A77E00714DA9 /* Build configuration list for PBXProject "Pentominoes" */ = {
			isa = XCConfigurationList;
			buildConfigurations = (
				81ED44B028D2A78100714DA9 /* Debug */,
				81ED44B128D2A78100714DA9 /* Release */,
			);
			defaultConfigurationIsVisible = 0;
			defaultConfigurationName = Release;
		};
		81ED44B228D2A78100714DA9 /* Build configuration list for PBXNativeTarget "Pentominoes" */ = {
			isa = XCConfigurationList;
			buildConfigurations = (
				81ED44B328D2A78100714DA9 /* Debug */,
				81ED44B428D2A78100714DA9 /* Release */,
			);
			defaultConfigurationIsVisible = 0;
			defaultConfigurationName = Release;
		};
		81ED44B528D2A78100714DA9 /* Build configuration list for PBXNativeTarget "PentominoesTests" */ = {
			isa = XCConfigurationList;
			buildConfigurations = (
				81ED44B628D2A78100714DA9 /* Debug */,
				81ED44B728D2A78100714DA9 /* Release */,
			);
			defaultConfigurationIsVisible = 0;
			defaultConfigurationName = Release;
		};
		81ED44B828D2A78100714DA9 /* Build configuration list for PBXNativeTarget "PentominoesUITests" */ = {
			isa = XCConfigurationList;
			buildConfigurations = (
				81ED44B928D2A78100714DA9 /* Debug */,
				81ED44BA28D2A78100714DA9 /* Release */,
			);
			defaultConfigurationIsVisible = 0;
			defaultConfigurationName = Release;
		};
/* End XCConfigurationList section */
	};
	rootObject = 81ED448628D2A77E00714DA9 /* Project object */;
}
